
Microsoft Visual Studio Solution File, Format Version 12.00
# Visual Studio Version 16
VisualStudioVersion = 16.0.31402.337
MinimumVisualStudioVersion = 10.0.40219.1
Project("{FAE04EC0-301F-11D3-BF4B-00C04F79EFBC}") = "SampleMvcWebApp", "SampleMvcWebApp\SampleMvcWebApp.csproj", "{4E9AD831-A94D-442D-BC97-CD57CFCF3A6B}"
EndProject
Global
	GlobalSection(SolutionConfigurationPlatforms) = preSolution
		Debug|Any CPU = Debug|Any CPU
		Release|Any CPU = Release|Any CPU
	EndGlobalSection
	GlobalSection(ProjectConfigurationPlatforms) = postSolution
		{4E9AD831-A94D-442D-BC97-CD57CFCF3A6B}.Debug|Any CPU.ActiveCfg = Debug|Any CPU
		{4E9AD831-A94D-442D-BC97-CD57CFCF3A6B}.Debug|Any CPU.Build.0 = Debug|Any CPU
		{4E9AD831-A94D-442D-BC97-CD57CFCF3A6B}.Release|Any CPU.ActiveCfg = Release|Any CPU
		{4E9AD831-A94D-442D-BC97-CD57CFCF3A6B}.Release|Any CPU.Build.0 = Release|Any CPU
	EndGlobalSection
	GlobalSection(SolutionProperties) = preSolution
		HideSolutionNode = FALSE
	EndGlobalSection
	GlobalSection(ExtensibilityGlobals) = postSolution
		SolutionGuid = {C2A9377B-568B-40F4-9E77-EBB66155E798}
	EndGlobalSection
EndGlobal
