
Microsoft Visual Studio Solution File, Format Version 12.00
# Visual Studio Version 16
VisualStudioVersion = 16.0.30320.27
MinimumVisualStudioVersion = 10.0.40219.1
Project("{2150E333-8FDC-42A3-9474-1A3956D46DE8}") = "Solution Items", "Solution Items", "{CFA0172C-5BDA-4B4E-8252-4668C5934396}"
EndProject
Project("{FAE04EC0-301F-11D3-BF4B-00C04F79EFBC}") = "EF6_Test", "EF6_Test\EF6_Test.csproj", "{2DBB8FEC-1057-4C1B-92CF-13CAC9B2873A}"
EndProject
Global
	GlobalSection(SolutionConfigurationPlatforms) = preSolution
		Debug|Any CPU = Debug|Any CPU
		Release|Any CPU = Release|Any CPU
	EndGlobalSection
	GlobalSection(ProjectConfigurationPlatforms) = postSolution
		{2DBB8FEC-1057-4C1B-92CF-13CAC9B2873A}.Debug|Any CPU.ActiveCfg = Debug|Any CPU
		{2DBB8FEC-1057-4C1B-92CF-13CAC9B2873A}.Debug|Any CPU.Build.0 = Debug|Any CPU
		{2DBB8FEC-1057-4C1B-92CF-13CAC9B2873A}.Release|Any CPU.ActiveCfg = Release|Any CPU
		{2DBB8FEC-1057-4C1B-92CF-13CAC9B2873A}.Release|Any CPU.Build.0 = Release|Any CPU
	EndGlobalSection
	GlobalSection(SolutionProperties) = preSolution
		HideSolutionNode = FALSE
	EndGlobalSection
	GlobalSection(ExtensibilityGlobals) = postSolution
		SolutionGuid = {C5BDEAAF-3E30-4FB4-BDE6-119CAED5E293}
	EndGlobalSection
EndGlobal
