
Microsoft Visual Studio Solution File, Format Version 12.00
# Visual Studio Version 16
VisualStudioVersion = 16.0.30523.141
MinimumVisualStudioVersion = 10.0.40219.1
Project("{FAE04EC0-301F-11D3-BF4B-00C04F79EFBC}") = "EF6_Test", "EF6_Test\EF6_Test.csproj", "{2DBB8FEC-1057-4C1B-92CF-13CAC9B2873A}"
EndProject
Global
	GlobalSection(SolutionConfigurationPlatforms) = preSolution
		Debug|Any CPU = Debug|Any CPU
		Release|Any CPU = Release|Any CPU
	EndGlobalSection
	GlobalSection(ProjectConfigurationPlatforms) = postSolution
		{2DBB8FEC-1057-4C1B-92CF-13CAC9B2873A}.Debug|Any CPU.ActiveCfg = Debug|Any CPU
		{2DBB8FEC-1057-4C1B-92CF-13CAC9B2873A}.Debug|Any CPU.Build.0 = Debug|Any CPU
		{2DBB8FEC-1057-4C1B-92CF-13CAC9B2873A}.Release|Any CPU.ActiveCfg = Release|Any CPU
		{2DBB8FEC-1057-4C1B-92CF-13CAC9B2873A}.Release|Any CPU.Build.0 = Release|Any CPU
	EndGlobalSection
	GlobalSection(SolutionProperties) = preSolution
		HideSolutionNode = FALSE
	EndGlobalSection
	GlobalSection(ExtensibilityGlobals) = postSolution
		SolutionGuid = {0D87FEEC-D193-4449-9E7A-D800B999F2EB}
	EndGlobalSection
EndGlobal
