
Microsoft Visual Studio Solution File, Format Version 12.00
# Visual Studio Version 16
VisualStudioVersion = 16.0.30413.136
MinimumVisualStudioVersion = 10.0.40219.1
Project("{FAE04EC0-301F-11D3-BF4B-00C04F79EFBC}") = "WebApiWithReferences", "WebApiWithReferences\WebApiWithReferences.csproj", "{1F511FCB-2E67-4508-AFED-4C13FF3CC1B7}"
EndProject
Project("{FAE04EC0-301F-11D3-BF4B-00C04F79EFBC}") = "TestReference", "TestReference\TestReference.csproj", "{DC631D94-141C-4487-930F-EF15325E7234}"
EndProject
Project("{FAE04EC0-301F-11D3-BF4B-00C04F79EFBC}") = "TestReference2", "TestReference2\TestReference2.csproj", "{AF9526E4-5457-4503-92C1-E7A31C9CA1BF}"
EndProject
Global
	GlobalSection(SolutionConfigurationPlatforms) = preSolution
		Debug|Any CPU = Debug|Any CPU
		Release|Any CPU = Release|Any CPU
	EndGlobalSection
	GlobalSection(ProjectConfigurationPlatforms) = postSolution
		{1F511FCB-2E67-4508-AFED-4C13FF3CC1B7}.Debug|Any CPU.ActiveCfg = Debug|Any CPU
		{1F511FCB-2E67-4508-AFED-4C13FF3CC1B7}.Debug|Any CPU.Build.0 = Debug|Any CPU
		{1F511FCB-2E67-4508-AFED-4C13FF3CC1B7}.Release|Any CPU.ActiveCfg = Release|Any CPU
		{1F511FCB-2E67-4508-AFED-4C13FF3CC1B7}.Release|Any CPU.Build.0 = Release|Any CPU
		{DC631D94-141C-4487-930F-EF15325E7234}.Debug|Any CPU.ActiveCfg = Debug|Any CPU
		{DC631D94-141C-4487-930F-EF15325E7234}.Debug|Any CPU.Build.0 = Debug|Any CPU
		{DC631D94-141C-4487-930F-EF15325E7234}.Release|Any CPU.ActiveCfg = Release|Any CPU
		{DC631D94-141C-4487-930F-EF15325E7234}.Release|Any CPU.Build.0 = Release|Any CPU
		{AF9526E4-5457-4503-92C1-E7A31C9CA1BF}.Debug|Any CPU.ActiveCfg = Debug|Any CPU
		{AF9526E4-5457-4503-92C1-E7A31C9CA1BF}.Debug|Any CPU.Build.0 = Debug|Any CPU
		{AF9526E4-5457-4503-92C1-E7A31C9CA1BF}.Release|Any CPU.ActiveCfg = Release|Any CPU
		{AF9526E4-5457-4503-92C1-E7A31C9CA1BF}.Release|Any CPU.Build.0 = Release|Any CPU
	EndGlobalSection
	GlobalSection(SolutionProperties) = preSolution
		HideSolutionNode = FALSE
	EndGlobalSection
	GlobalSection(ExtensibilityGlobals) = postSolution
		SolutionGuid = {440B6267-A232-43EB-B6EF-8673C642DB07}
	EndGlobalSection
EndGlobal
