
Microsoft Visual Studio Solution File, Format Version 12.00
# Visual Studio Version 17
VisualStudioVersion = 17.7.34003.232
MinimumVisualStudioVersion = 10.0.40219.1
Project("{FAE04EC0-301F-11D3-BF4B-00C04F79EFBC}") = "SolutionWithMissingReferences", "SolutionWithMissingReferences.csproj", "{DC2DB07A-A014-4B71-8525-52DC87D61196}"
EndProject
Project("{FAE04EC0-301F-11D3-BF4B-00C04F79EFBC}") = "UnitTestProject1", "UnitTestProject1\UnitTestProject1.csproj", "{6149D265-FF1A-4F46-BD40-734565ABDEE3}"
EndProject
Project("{FAE04EC0-301F-11D3-BF4B-00C04F79EFBC}") = "ClassLibrary1", "ClassLibrary1\ClassLibrary1.csproj", "{9C943162-0F57-43E5-9538-D2DD9B7E860E}"
EndProject
Project("{FAE04EC0-301F-11D3-BF4B-00C04F79EFBC}") = "ClassLibrary2", "ClassLibrary2\ClassLibrary2.csproj", "{E8DBB281-1575-475D-94E9-D03F0980D0EF}"
EndProject
Global
	GlobalSection(SolutionConfigurationPlatforms) = preSolution
		Debug|Any CPU = Debug|Any CPU
		Release|Any CPU = Release|Any CPU
	EndGlobalSection
	GlobalSection(ProjectConfigurationPlatforms) = postSolution
		{DC2DB07A-A014-4B71-8525-52DC87D61196}.Debug|Any CPU.ActiveCfg = Debug|Any CPU
		{DC2DB07A-A014-4B71-8525-52DC87D61196}.Debug|Any CPU.Build.0 = Debug|Any CPU
		{DC2DB07A-A014-4B71-8525-52DC87D61196}.Release|Any CPU.ActiveCfg = Release|Any CPU
		{DC2DB07A-A014-4B71-8525-52DC87D61196}.Release|Any CPU.Build.0 = Release|Any CPU
		{6149D265-FF1A-4F46-BD40-734565ABDEE3}.Debug|Any CPU.ActiveCfg = Debug|Any CPU
		{6149D265-FF1A-4F46-BD40-734565ABDEE3}.Debug|Any CPU.Build.0 = Debug|Any CPU
		{6149D265-FF1A-4F46-BD40-734565ABDEE3}.Release|Any CPU.ActiveCfg = Release|Any CPU
		{6149D265-FF1A-4F46-BD40-734565ABDEE3}.Release|Any CPU.Build.0 = Release|Any CPU
		{9C943162-0F57-43E5-9538-D2DD9B7E860E}.Debug|Any CPU.ActiveCfg = Debug|Any CPU
		{9C943162-0F57-43E5-9538-D2DD9B7E860E}.Debug|Any CPU.Build.0 = Debug|Any CPU
		{9C943162-0F57-43E5-9538-D2DD9B7E860E}.Release|Any CPU.ActiveCfg = Release|Any CPU
		{9C943162-0F57-43E5-9538-D2DD9B7E860E}.Release|Any CPU.Build.0 = Release|Any CPU
		{E8DBB281-1575-475D-94E9-D03F0980D0EF}.Debug|Any CPU.ActiveCfg = Debug|Any CPU
		{E8DBB281-1575-475D-94E9-D03F0980D0EF}.Debug|Any CPU.Build.0 = Debug|Any CPU
		{E8DBB281-1575-475D-94E9-D03F0980D0EF}.Release|Any CPU.ActiveCfg = Release|Any CPU
		{E8DBB281-1575-475D-94E9-D03F0980D0EF}.Release|Any CPU.Build.0 = Release|Any CPU
	EndGlobalSection
	GlobalSection(SolutionProperties) = preSolution
		HideSolutionNode = FALSE
	EndGlobalSection
	GlobalSection(ExtensibilityGlobals) = postSolution
		SolutionGuid = {3AAE14FA-DCFD-4EA3-8BEA-DE8732A2350D}
	EndGlobalSection
EndGlobal
