
Microsoft Visual Studio Solution File, Format Version 12.00
# Visual Studio Version 17
VisualStudioVersion = 17.1.32414.318
MinimumVisualStudioVersion = 10.0.40219.1
Project("{FAE04EC0-301F-11D3-BF4B-00C04F79EFBC}") = "Modernize.Web.Mvc", "Modernize.Web.Mvc\Modernize.Web.Mvc.csproj", "{12FB120B-C2A0-4DA7-897E-0A83FA5B2A19}"
EndProject
Project("{FAE04EC0-301F-11D3-BF4B-00C04F79EFBC}") = "Modernize.Web.Data", "Modernize.Web.Data\Modernize.Web.Data.csproj", "{46EED739-120F-440F-A9D0-7B187C09C11E}"
EndProject
Project("{FAE04EC0-301F-11D3-BF4B-00C04F79EFBC}") = "Modernize.Web.Facade", "Modernize.Web.Facade\Modernize.Web.Facade.csproj", "{8736E353-180E-41C5-917F-C8503DDC51FA}"
EndProject
Project("{FAE04EC0-301F-11D3-BF4B-00C04F79EFBC}") = "Modernize.Web.Models", "Modernize.Web.Models\Modernize.Web.Models.csproj", "{950518C0-F0D5-4DE1-A734-D5CD8FB950ED}"
EndProject
Project("{FAE04EC0-301F-11D3-BF4B-00C04F79EFBC}") = "Modernize.Web.Common", "Modernize.Web.Common\Modernize.Web.Common.csproj", "{72FD7B3D-0FAA-4EFF-9509-06E2D76CAA86}"
EndProject
Global
	GlobalSection(SolutionConfigurationPlatforms) = preSolution
		Debug|Any CPU = Debug|Any CPU
		Release|Any CPU = Release|Any CPU
	EndGlobalSection
	GlobalSection(ProjectConfigurationPlatforms) = postSolution
		{12FB120B-C2A0-4DA7-897E-0A83FA5B2A19}.Debug|Any CPU.ActiveCfg = Debug|Any CPU
		{12FB120B-C2A0-4DA7-897E-0A83FA5B2A19}.Debug|Any CPU.Build.0 = Debug|Any CPU
		{12FB120B-C2A0-4DA7-897E-0A83FA5B2A19}.Release|Any CPU.ActiveCfg = Release|Any CPU
		{12FB120B-C2A0-4DA7-897E-0A83FA5B2A19}.Release|Any CPU.Build.0 = Release|Any CPU
		{46EED739-120F-440F-A9D0-7B187C09C11E}.Debug|Any CPU.ActiveCfg = Debug|Any CPU
		{46EED739-120F-440F-A9D0-7B187C09C11E}.Debug|Any CPU.Build.0 = Debug|Any CPU
		{46EED739-120F-440F-A9D0-7B187C09C11E}.Release|Any CPU.ActiveCfg = Release|Any CPU
		{46EED739-120F-440F-A9D0-7B187C09C11E}.Release|Any CPU.Build.0 = Release|Any CPU
		{8736E353-180E-41C5-917F-C8503DDC51FA}.Debug|Any CPU.ActiveCfg = Debug|Any CPU
		{8736E353-180E-41C5-917F-C8503DDC51FA}.Debug|Any CPU.Build.0 = Debug|Any CPU
		{8736E353-180E-41C5-917F-C8503DDC51FA}.Release|Any CPU.ActiveCfg = Release|Any CPU
		{8736E353-180E-41C5-917F-C8503DDC51FA}.Release|Any CPU.Build.0 = Release|Any CPU
		{950518C0-F0D5-4DE1-A734-D5CD8FB950ED}.Debug|Any CPU.ActiveCfg = Debug|Any CPU
		{950518C0-F0D5-4DE1-A734-D5CD8FB950ED}.Debug|Any CPU.Build.0 = Debug|Any CPU
		{950518C0-F0D5-4DE1-A734-D5CD8FB950ED}.Release|Any CPU.ActiveCfg = Release|Any CPU
		{950518C0-F0D5-4DE1-A734-D5CD8FB950ED}.Release|Any CPU.Build.0 = Release|Any CPU
		{72FD7B3D-0FAA-4EFF-9509-06E2D76CAA86}.Debug|Any CPU.ActiveCfg = Debug|Any CPU
		{72FD7B3D-0FAA-4EFF-9509-06E2D76CAA86}.Debug|Any CPU.Build.0 = Debug|Any CPU
		{72FD7B3D-0FAA-4EFF-9509-06E2D76CAA86}.Release|Any CPU.ActiveCfg = Release|Any CPU
		{72FD7B3D-0FAA-4EFF-9509-06E2D76CAA86}.Release|Any CPU.Build.0 = Release|Any CPU
	EndGlobalSection
	GlobalSection(SolutionProperties) = preSolution
		HideSolutionNode = FALSE
	EndGlobalSection
	GlobalSection(ExtensibilityGlobals) = postSolution
		SolutionGuid = {24F574AE-B5A9-4E91-8538-284E41BD9451}
	EndGlobalSection
EndGlobal
