
Microsoft Visual Studio Solution File, Format Version 12.00
# Visual Studio Version 16
VisualStudioVersion = 16.0.31410.357
MinimumVisualStudioVersion = 10.0.40219.1
Project("{FAE04EC0-301F-11D3-BF4B-00C04F79EFBC}") = "OwinSelfhostSample", "OwinSelfhostSample\OwinSelfhostSample.csproj", "{C6798F81-0E2C-40D2-9571-C0AEDAB9AFD6}"
EndProject
Global
	GlobalSection(SolutionConfigurationPlatforms) = preSolution
		Debug|Any CPU = Debug|Any CPU
		Release|Any CPU = Release|Any CPU
	EndGlobalSection
	GlobalSection(ProjectConfigurationPlatforms) = postSolution
		{C6798F81-0E2C-40D2-9571-C0AEDAB9AFD6}.Debug|Any CPU.ActiveCfg = Debug|Any CPU
		{C6798F81-0E2C-40D2-9571-C0AEDAB9AFD6}.Debug|Any CPU.Build.0 = Debug|Any CPU
		{C6798F81-0E2C-40D2-9571-C0AEDAB9AFD6}.Release|Any CPU.ActiveCfg = Release|Any CPU
		{C6798F81-0E2C-40D2-9571-C0AEDAB9AFD6}.Release|Any CPU.Build.0 = Release|Any CPU
	EndGlobalSection
	GlobalSection(SolutionProperties) = preSolution
		HideSolutionNode = FALSE
	EndGlobalSection
	GlobalSection(ExtensibilityGlobals) = postSolution
		SolutionGuid = {6EB35EA9-DF6E-4A5A-A8D8-C35CA52A4B88}
	EndGlobalSection
EndGlobal
