
Microsoft Visual Studio Solution File, Format Version 12.00
# Visual Studio Version 16
VisualStudioVersion = 16.0.31424.327
MinimumVisualStudioVersion = 10.0.40219.1
Project("{FAE04EC0-301F-11D3-BF4B-00C04F79EFBC}") = "WCFClient", "WCFClient.csproj", "{33B327E1-8D4E-44AB-A242-5F5FFA9E29CF}"
EndProject
Global
	GlobalSection(SolutionConfigurationPlatforms) = preSolution
		Debug|Any CPU = Debug|Any CPU
		Release|Any CPU = Release|Any CPU
	EndGlobalSection
	GlobalSection(ProjectConfigurationPlatforms) = postSolution
		{33B327E1-8D4E-44AB-A242-5F5FFA9E29CF}.Debug|Any CPU.ActiveCfg = Debug|Any CPU
		{33B327E1-8D4E-44AB-A242-5F5FFA9E29CF}.Debug|Any CPU.Build.0 = Debug|Any CPU
		{33B327E1-8D4E-44AB-A242-5F5FFA9E29CF}.Release|Any CPU.ActiveCfg = Release|Any CPU
		{33B327E1-8D4E-44AB-A242-5F5FFA9E29CF}.Release|Any CPU.Build.0 = Release|Any CPU
	EndGlobalSection
	GlobalSection(SolutionProperties) = preSolution
		HideSolutionNode = FALSE
	EndGlobalSection
	GlobalSection(ExtensibilityGlobals) = postSolution
		SolutionGuid = {36E6B7C2-E976-4B69-A5A4-FB52467BE8F5}
	EndGlobalSection
EndGlobal
