
Microsoft Visual Studio Solution File, Format Version 12.00
# Visual Studio Version 16
VisualStudioVersion = 16.0.31424.327
MinimumVisualStudioVersion = 10.0.40219.1
Project("{FAE04EC0-301F-11D3-BF4B-00C04F79EFBC}") = "Application_Proj_diff_folder", "Application_Proj_diff_folder\Application_Proj_diff_folder.csproj", "{04CB19FA-D451-4D26-B2A3-CE191BF44202}"
EndProject
Project("{FAE04EC0-301F-11D3-BF4B-00C04F79EFBC}") = "SupportingProj", "..\SupportingProj\SupportingProj.csproj", "{0BE988CE-632B-4BCE-A087-8AFD7E6F6D73}"
EndProject
Global
	GlobalSection(SolutionConfigurationPlatforms) = preSolution
		Debug|Any CPU = Debug|Any CPU
		Release|Any CPU = Release|Any CPU
	EndGlobalSection
	GlobalSection(ProjectConfigurationPlatforms) = postSolution
		{04CB19FA-D451-4D26-B2A3-CE191BF44202}.Debug|Any CPU.ActiveCfg = Debug|Any CPU
		{04CB19FA-D451-4D26-B2A3-CE191BF44202}.Debug|Any CPU.Build.0 = Debug|Any CPU
		{04CB19FA-D451-4D26-B2A3-CE191BF44202}.Release|Any CPU.ActiveCfg = Release|Any CPU
		{04CB19FA-D451-4D26-B2A3-CE191BF44202}.Release|Any CPU.Build.0 = Release|Any CPU
		{0BE988CE-632B-4BCE-A087-8AFD7E6F6D73}.Debug|Any CPU.ActiveCfg = Debug|Any CPU
		{0BE988CE-632B-4BCE-A087-8AFD7E6F6D73}.Debug|Any CPU.Build.0 = Debug|Any CPU
		{0BE988CE-632B-4BCE-A087-8AFD7E6F6D73}.Release|Any CPU.ActiveCfg = Release|Any CPU
		{0BE988CE-632B-4BCE-A087-8AFD7E6F6D73}.Release|Any CPU.Build.0 = Release|Any CPU
	EndGlobalSection
	GlobalSection(SolutionProperties) = preSolution
		HideSolutionNode = FALSE
	EndGlobalSection
	GlobalSection(ExtensibilityGlobals) = postSolution
		SolutionGuid = {42B5CEE7-93DE-41DC-81CF-C827F65C3EBF}
	EndGlobalSection
EndGlobal
