
Microsoft Visual Studio Solution File, Format Version 12.00
# Visual Studio Version 17
VisualStudioVersion = 17.0.31919.166
MinimumVisualStudioVersion = 10.0.40219.1
Project("{FAE04EC0-301F-11D3-BF4B-00C04F79EFBC}") = "SomeMvc", "SomeMvc\SomeMvc.csproj", "{3519CF4D-F724-4E89-A435-23DFE41ADA49}"
EndProject
Project("{FAE04EC0-301F-11D3-BF4B-00C04F79EFBC}") = "SomeWebForms", "SomeWebForms\SomeWebForms.csproj", "{4416714A-9BB8-480B-95B3-C2599598E3EC}"
EndProject
Project("{FAE04EC0-301F-11D3-BF4B-00C04F79EFBC}") = "OtherWebForms", "OtherWebForms\OtherWebForms.csproj", "{7FA21B33-267F-4AF0-B3BC-284C6DCF19EF}"
EndProject
Global
	GlobalSection(SolutionConfigurationPlatforms) = preSolution
		Debug|Any CPU = Debug|Any CPU
		Release|Any CPU = Release|Any CPU
	EndGlobalSection
	GlobalSection(ProjectConfigurationPlatforms) = postSolution
		{3519CF4D-F724-4E89-A435-23DFE41ADA49}.Debug|Any CPU.ActiveCfg = Debug|Any CPU
		{3519CF4D-F724-4E89-A435-23DFE41ADA49}.Debug|Any CPU.Build.0 = Debug|Any CPU
		{3519CF4D-F724-4E89-A435-23DFE41ADA49}.Release|Any CPU.ActiveCfg = Release|Any CPU
		{3519CF4D-F724-4E89-A435-23DFE41ADA49}.Release|Any CPU.Build.0 = Release|Any CPU
		{4416714A-9BB8-480B-95B3-C2599598E3EC}.Debug|Any CPU.ActiveCfg = Debug|Any CPU
		{4416714A-9BB8-480B-95B3-C2599598E3EC}.Debug|Any CPU.Build.0 = Debug|Any CPU
		{4416714A-9BB8-480B-95B3-C2599598E3EC}.Release|Any CPU.ActiveCfg = Release|Any CPU
		{4416714A-9BB8-480B-95B3-C2599598E3EC}.Release|Any CPU.Build.0 = Release|Any CPU
		{7FA21B33-267F-4AF0-B3BC-284C6DCF19EF}.Debug|Any CPU.ActiveCfg = Debug|Any CPU
		{7FA21B33-267F-4AF0-B3BC-284C6DCF19EF}.Debug|Any CPU.Build.0 = Debug|Any CPU
		{7FA21B33-267F-4AF0-B3BC-284C6DCF19EF}.Release|Any CPU.ActiveCfg = Release|Any CPU
		{7FA21B33-267F-4AF0-B3BC-284C6DCF19EF}.Release|Any CPU.Build.0 = Release|Any CPU
	EndGlobalSection
	GlobalSection(SolutionProperties) = preSolution
		HideSolutionNode = FALSE
	EndGlobalSection
	GlobalSection(ExtensibilityGlobals) = postSolution
		SolutionGuid = {3B9CEF4E-F7DA-46CE-8BEA-E80FB7EF1FD6}
	EndGlobalSection
EndGlobal
