
Microsoft Visual Studio Solution File, Format Version 12.00
# Visual Studio Version 16
VisualStudioVersion = 16.0.30523.141
MinimumVisualStudioVersion = 10.0.40219.1
Project("{FAE04EC0-301F-11D3-BF4B-00C04F79EFBC}") = "ASP.NET-MVC-Framework", "ASP.NET-MVC-Framework\ASP.NET-MVC-Framework.csproj", "{C28EC275-A0EA-4129-B692-1DCFC8236EBB}"
EndProject
Global
	GlobalSection(SolutionConfigurationPlatforms) = preSolution
		Debug|Any CPU = Debug|Any CPU
		Release|Any CPU = Release|Any CPU
	EndGlobalSection
	GlobalSection(ProjectConfigurationPlatforms) = postSolution
		{C28EC275-A0EA-4129-B692-1DCFC8236EBB}.Debug|Any CPU.ActiveCfg = Debug|Any CPU
		{C28EC275-A0EA-4129-B692-1DCFC8236EBB}.Debug|Any CPU.Build.0 = Debug|Any CPU
		{C28EC275-A0EA-4129-B692-1DCFC8236EBB}.Release|Any CPU.ActiveCfg = Release|Any CPU
		{C28EC275-A0EA-4129-B692-1DCFC8236EBB}.Release|Any CPU.Build.0 = Release|Any CPU
	EndGlobalSection
	GlobalSection(SolutionProperties) = preSolution
		HideSolutionNode = FALSE
	EndGlobalSection
	GlobalSection(ExtensibilityGlobals) = postSolution
		SolutionGuid = {1756C68D-0737-4498-826B-E1034910C433}
	EndGlobalSection
EndGlobal
