
Microsoft Visual Studio Solution File, Format Version 12.00
# Visual Studio Version 17
VisualStudioVersion = 17.11.35219.272
MinimumVisualStudioVersion = 10.0.40219.1
Project("{FAE04EC0-301F-11D3-BF4B-00C04F79EFBC}") = "ClassLibrary1", "ClassLibrary1\ClassLibrary1.csproj", "{3A2752E8-7131-4337-98AC-BDE5CB92234A}"
EndProject
Global
	GlobalSection(SolutionConfigurationPlatforms) = preSolution
		Debug|Any CPU = Debug|Any CPU
		Release|Any CPU = Release|Any CPU
	EndGlobalSection
	GlobalSection(ProjectConfigurationPlatforms) = postSolution
		{3A2752E8-7131-4337-98AC-BDE5CB92234A}.Debug|Any CPU.ActiveCfg = Debug|Any CPU
		{3A2752E8-7131-4337-98AC-BDE5CB92234A}.Debug|Any CPU.Build.0 = Debug|Any CPU
		{3A2752E8-7131-4337-98AC-BDE5CB92234A}.Release|Any CPU.ActiveCfg = Release|Any CPU
		{3A2752E8-7131-4337-98AC-BDE5CB92234A}.Release|Any CPU.Build.0 = Release|Any CPU
	EndGlobalSection
	GlobalSection(SolutionProperties) = preSolution
		HideSolutionNode = FALSE
	EndGlobalSection
	GlobalSection(ExtensibilityGlobals) = postSolution
		SolutionGuid = {C051A64F-FDB8-4834-9FC2-EA0432D50460}
	EndGlobalSection
EndGlobal
