
Microsoft Visual Studio Solution File, Format Version 12.00
# Visual Studio Version 16
VisualStudioVersion = 16.0.31019.35
MinimumVisualStudioVersion = 10.0.40219.1
Project("{FAE04EC0-301F-11D3-BF4B-00C04F79EFBC}") = "WindowsAuthentication", "WindowsAuthentication\WindowsAuthentication.csproj", "{448B5213-6E90-4F9F-876C-B4661E05862E}"
EndProject
Global
	GlobalSection(SolutionConfigurationPlatforms) = preSolution
		Debug|Any CPU = Debug|Any CPU
		Release|Any CPU = Release|Any CPU
	EndGlobalSection
	GlobalSection(ProjectConfigurationPlatforms) = postSolution
		{448B5213-6E90-4F9F-876C-B4661E05862E}.Debug|Any CPU.ActiveCfg = Debug|Any CPU
		{448B5213-6E90-4F9F-876C-B4661E05862E}.Debug|Any CPU.Build.0 = Debug|Any CPU
		{448B5213-6E90-4F9F-876C-B4661E05862E}.Release|Any CPU.ActiveCfg = Release|Any CPU
		{448B5213-6E90-4F9F-876C-B4661E05862E}.Release|Any CPU.Build.0 = Release|Any CPU
	EndGlobalSection
	GlobalSection(SolutionProperties) = preSolution
		HideSolutionNode = FALSE
	EndGlobalSection
	GlobalSection(ExtensibilityGlobals) = postSolution
		SolutionGuid = {0FD8C8A1-6A11-45B6-B145-A2DDA9FF25A2}
	EndGlobalSection
EndGlobal
